
Microsoft Visual Studio Solution File, Format Version 12.00
# Visual Studio Express 2012 for Windows Desktop
Project("{FAE04EC0-301F-11D3-BF4B-00C04F79EFBC}") = "KeyboardHandwriting", "KeyboardHandwriting\KeyboardHandwriting.csproj", "{0885E0C1-896F-402A-AB4D-D21DFAD91F60}"
EndProject
Global
	GlobalSection(SolutionConfigurationPlatforms) = preSolution
		Debug|Any CPU = Debug|Any CPU
		Release|Any CPU = Release|Any CPU
	EndGlobalSection
	GlobalSection(ProjectConfigurationPlatforms) = postSolution
		{0885E0C1-896F-402A-AB4D-D21DFAD91F60}.Debug|Any CPU.ActiveCfg = Debug|Any CPU
		{0885E0C1-896F-402A-AB4D-D21DFAD91F60}.Debug|Any CPU.Build.0 = Debug|Any CPU
		{0885E0C1-896F-402A-AB4D-D21DFAD91F60}.Release|Any CPU.ActiveCfg = Release|Any CPU
		{0885E0C1-896F-402A-AB4D-D21DFAD91F60}.Release|Any CPU.Build.0 = Release|Any CPU
	EndGlobalSection
	GlobalSection(SolutionProperties) = preSolution
		HideSolutionNode = FALSE
	EndGlobalSection
EndGlobal
